
Microsoft Visual Studio Solution File, Format Version 12.00
# Visual Studio Version 16
VisualStudioVersion = 16.0.30717.126
MinimumVisualStudioVersion = 10.0.40219.1
Project("{FAE04EC0-301F-11D3-BF4B-00C04F79EFBC}") = "Transporte.Common", "Transporte.Common\Transporte.Common.csproj", "{8EC9AAC3-B51A-47B5-A9B8-4BB607AE69B3}"
EndProject
Project("{FAE04EC0-301F-11D3-BF4B-00C04F79EFBC}") = "Transporte.Web", "Transporte.Web\Transporte.Web.csproj", "{AA1F6517-4913-4794-AC79-64577BC1D975}"
EndProject
Global
	GlobalSection(SolutionConfigurationPlatforms) = preSolution
		Debug|Any CPU = Debug|Any CPU
		Release|Any CPU = Release|Any CPU
	EndGlobalSection
	GlobalSection(ProjectConfigurationPlatforms) = postSolution
		{8EC9AAC3-B51A-47B5-A9B8-4BB607AE69B3}.Debug|Any CPU.ActiveCfg = Debug|Any CPU
		{8EC9AAC3-B51A-47B5-A9B8-4BB607AE69B3}.Debug|Any CPU.Build.0 = Debug|Any CPU
		{8EC9AAC3-B51A-47B5-A9B8-4BB607AE69B3}.Release|Any CPU.ActiveCfg = Release|Any CPU
		{8EC9AAC3-B51A-47B5-A9B8-4BB607AE69B3}.Release|Any CPU.Build.0 = Release|Any CPU
		{AA1F6517-4913-4794-AC79-64577BC1D975}.Debug|Any CPU.ActiveCfg = Debug|Any CPU
		{AA1F6517-4913-4794-AC79-64577BC1D975}.Debug|Any CPU.Build.0 = Debug|Any CPU
		{AA1F6517-4913-4794-AC79-64577BC1D975}.Release|Any CPU.ActiveCfg = Release|Any CPU
		{AA1F6517-4913-4794-AC79-64577BC1D975}.Release|Any CPU.Build.0 = Release|Any CPU
	EndGlobalSection
	GlobalSection(SolutionProperties) = preSolution
		HideSolutionNode = FALSE
	EndGlobalSection
	GlobalSection(ExtensibilityGlobals) = postSolution
		SolutionGuid = {E9BC048A-C10A-49FA-868B-35AFA2556B67}
	EndGlobalSection
EndGlobal
